// !$*UTF8*$!
{
	archiveVersion = 1;
	classes = {
	};
	objectVersion = 56;
	objects = {

/* Begin PBXBuildFile section */
		916A92CD2BC3C38A00C5DA50 /* Scuba_LogApp.swift in Sources */ = {isa = PBXBuildFile; fileRef = 916A92CC2BC3C38A00C5DA50 /* Scuba_LogApp.swift */; };
		916A92CF2BC3C38A00C5DA50 /* ContentView.swift in Sources */ = {isa = PBXBuildFile; fileRef = 916A92CE2BC3C38A00C5DA50 /* ContentView.swift */; };
		916A92D12BC3C38A00C5DA50 /* Entry.swift in Sources */ = {isa = PBXBuildFile; fileRef = 916A92D02BC3C38A00C5DA50 /* Entry.swift */; };
		916A92D32BC3C38C00C5DA50 /* Assets.xcassets in Resources */ = {isa = PBXBuildFile; fileRef = 916A92D22BC3C38C00C5DA50 /* Assets.xcassets */; };
		916A92D62BC3C38C00C5DA50 /* Preview Assets.xcassets in Resources */ = {isa = PBXBuildFile; fileRef = 916A92D52BC3C38C00C5DA50 /* Preview Assets.xcassets */; };
		916A92E02BC3C38C00C5DA50 /* Scuba_LogTests.swift in Sources */ = {isa = PBXBuildFile; fileRef = 916A92DF2BC3C38C00C5DA50 /* Scuba_LogTests.swift */; };
		916A92EA2BC3C38D00C5DA50 /* Scuba_LogUITests.swift in Sources */ = {isa = PBXBuildFile; fileRef = 916A92E92BC3C38D00C5DA50 /* Scuba_LogUITests.swift */; };
		916A92EC2BC3C38D00C5DA50 /* Scuba_LogUITestsLaunchTests.swift in Sources */ = {isa = PBXBuildFile; fileRef = 916A92EB2BC3C38D00C5DA50 /* Scuba_LogUITestsLaunchTests.swift */; };
		916A92F92BC3C46700C5DA50 /* NewEntryView.swift in Sources */ = {isa = PBXBuildFile; fileRef = 916A92F82BC3C46700C5DA50 /* NewEntryView.swift */; };
		91CE64972BC4C545004E3733 /* TimeInterval+Constants.swift in Sources */ = {isa = PBXBuildFile; fileRef = 91CE64962BC4C545004E3733 /* TimeInterval+Constants.swift */; };
/* End PBXBuildFile section */

/* Begin PBXContainerItemProxy section */
		916A92DC2BC3C38C00C5DA50 /* PBXContainerItemProxy */ = {
			isa = PBXContainerItemProxy;
			containerPortal = 916A92C12BC3C38A00C5DA50 /* Project object */;
			proxyType = 1;
			remoteGlobalIDString = 916A92C82BC3C38A00C5DA50;
			remoteInfo = "Scuba Log";
		};
		916A92E62BC3C38D00C5DA50 /* PBXContainerItemProxy */ = {
			isa = PBXContainerItemProxy;
			containerPortal = 916A92C12BC3C38A00C5DA50 /* Project object */;
			proxyType = 1;
			remoteGlobalIDString = 916A92C82BC3C38A00C5DA50;
			remoteInfo = "Scuba Log";
		};
/* End PBXContainerItemProxy section */

/* Begin PBXFileReference section */
		916A92C92BC3C38A00C5DA50 /* Scuba Log.app */ = {isa = PBXFileReference; explicitFileType = wrapper.application; includeInIndex = 0; path = "Scuba Log.app"; sourceTree = BUILT_PRODUCTS_DIR; };
		916A92CC2BC3C38A00C5DA50 /* Scuba_LogApp.swift */ = {isa = PBXFileReference; lastKnownFileType = sourcecode.swift; path = Scuba_LogApp.swift; sourceTree = "<group>"; };
		916A92CE2BC3C38A00C5DA50 /* ContentView.swift */ = {isa = PBXFileReference; lastKnownFileType = sourcecode.swift; path = ContentView.swift; sourceTree = "<group>"; };
		916A92D02BC3C38A00C5DA50 /* Entry.swift */ = {isa = PBXFileReference; lastKnownFileType = sourcecode.swift; path = Entry.swift; sourceTree = "<group>"; };
		916A92D22BC3C38C00C5DA50 /* Assets.xcassets */ = {isa = PBXFileReference; lastKnownFileType = folder.assetcatalog; path = Assets.xcassets; sourceTree = "<group>"; };
		916A92D52BC3C38C00C5DA50 /* Preview Assets.xcassets */ = {isa = PBXFileReference; lastKnownFileType = folder.assetcatalog; path = "Preview Assets.xcassets"; sourceTree = "<group>"; };
		916A92DB2BC3C38C00C5DA50 /* Scuba LogTests.xctest */ = {isa = PBXFileReference; explicitFileType = wrapper.cfbundle; includeInIndex = 0; path = "Scuba LogTests.xctest"; sourceTree = BUILT_PRODUCTS_DIR; };
		916A92DF2BC3C38C00C5DA50 /* Scuba_LogTests.swift */ = {isa = PBXFileReference; lastKnownFileType = sourcecode.swift; path = Scuba_LogTests.swift; sourceTree = "<group>"; };
		916A92E52BC3C38D00C5DA50 /* Scuba LogUITests.xctest */ = {isa = PBXFileReference; explicitFileType = wrapper.cfbundle; includeInIndex = 0; path = "Scuba LogUITests.xctest"; sourceTree = BUILT_PRODUCTS_DIR; };
		916A92E92BC3C38D00C5DA50 /* Scuba_LogUITests.swift */ = {isa = PBXFileReference; lastKnownFileType = sourcecode.swift; path = Scuba_LogUITests.swift; sourceTree = "<group>"; };
		916A92EB2BC3C38D00C5DA50 /* Scuba_LogUITestsLaunchTests.swift */ = {isa = PBXFileReference; lastKnownFileType = sourcecode.swift; path = Scuba_LogUITestsLaunchTests.swift; sourceTree = "<group>"; };
		916A92F82BC3C46700C5DA50 /* NewEntryView.swift */ = {isa = PBXFileReference; lastKnownFileType = sourcecode.swift; path = NewEntryView.swift; sourceTree = "<group>"; };
		91CE64962BC4C545004E3733 /* TimeInterval+Constants.swift */ = {isa = PBXFileReference; lastKnownFileType = sourcecode.swift; path = "TimeInterval+Constants.swift"; sourceTree = "<group>"; };
/* End PBXFileReference section */

/* Begin PBXFrameworksBuildPhase section */
		916A92C62BC3C38A00C5DA50 /* Frameworks */ = {
			isa = PBXFrameworksBuildPhase;
			buildActionMask = 2147483647;
			files = (
			);
			runOnlyForDeploymentPostprocessing = 0;
		};
		916A92D82BC3C38C00C5DA50 /* Frameworks */ = {
			isa = PBXFrameworksBuildPhase;
			buildActionMask = 2147483647;
			files = (
			);
			runOnlyForDeploymentPostprocessing = 0;
		};
		916A92E22BC3C38D00C5DA50 /* Frameworks */ = {
			isa = PBXFrameworksBuildPhase;
			buildActionMask = 2147483647;
			files = (
			);
			runOnlyForDeploymentPostprocessing = 0;
		};
/* End PBXFrameworksBuildPhase section */

/* Begin PBXGroup section */
		916A92C02BC3C38A00C5DA50 = {
			isa = PBXGroup;
			children = (
				916A92CB2BC3C38A00C5DA50 /* Scuba Log */,
				916A92DE2BC3C38C00C5DA50 /* Scuba LogTests */,
				916A92E82BC3C38D00C5DA50 /* Scuba LogUITests */,
				916A92CA2BC3C38A00C5DA50 /* Products */,
			);
			sourceTree = "<group>";
		};
		916A92CA2BC3C38A00C5DA50 /* Products */ = {
			isa = PBXGroup;
			children = (
				916A92C92BC3C38A00C5DA50 /* Scuba Log.app */,
				916A92DB2BC3C38C00C5DA50 /* Scuba LogTests.xctest */,
				916A92E52BC3C38D00C5DA50 /* Scuba LogUITests.xctest */,
			);
			name = Products;
			sourceTree = "<group>";
		};
		916A92CB2BC3C38A00C5DA50 /* Scuba Log */ = {
			isa = PBXGroup;
			children = (
				916A92CC2BC3C38A00C5DA50 /* Scuba_LogApp.swift */,
				916A92CE2BC3C38A00C5DA50 /* ContentView.swift */,
				916A92F82BC3C46700C5DA50 /* NewEntryView.swift */,
				916A92D02BC3C38A00C5DA50 /* Entry.swift */,
				91CE64962BC4C545004E3733 /* TimeInterval+Constants.swift */,
				916A92D22BC3C38C00C5DA50 /* Assets.xcassets */,
				916A92D42BC3C38C00C5DA50 /* Preview Content */,
			);
			path = "Scuba Log";
			sourceTree = "<group>";
		};
		916A92D42BC3C38C00C5DA50 /* Preview Content */ = {
			isa = PBXGroup;
			children = (
				916A92D52BC3C38C00C5DA50 /* Preview Assets.xcassets */,
			);
			path = "Preview Content";
			sourceTree = "<group>";
		};
		916A92DE2BC3C38C00C5DA50 /* Scuba LogTests */ = {
			isa = PBXGroup;
			children = (
				916A92DF2BC3C38C00C5DA50 /* Scuba_LogTests.swift */,
			);
			path = "Scuba LogTests";
			sourceTree = "<group>";
		};
		916A92E82BC3C38D00C5DA50 /* Scuba LogUITests */ = {
			isa = PBXGroup;
			children = (
				916A92E92BC3C38D00C5DA50 /* Scuba_LogUITests.swift */,
				916A92EB2BC3C38D00C5DA50 /* Scuba_LogUITestsLaunchTests.swift */,
			);
			path = "Scuba LogUITests";
			sourceTree = "<group>";
		};
/* End PBXGroup section */

/* Begin PBXNativeTarget section */
		916A92C82BC3C38A00C5DA50 /* Scuba Log */ = {
			isa = PBXNativeTarget;
			buildConfigurationList = 916A92EF2BC3C38D00C5DA50 /* Build configuration list for PBXNativeTarget "Scuba Log" */;
			buildPhases = (
				916A92C52BC3C38A00C5DA50 /* Sources */,
				916A92C62BC3C38A00C5DA50 /* Frameworks */,
				916A92C72BC3C38A00C5DA50 /* Resources */,
			);
			buildRules = (
			);
			dependencies = (
			);
			name = "Scuba Log";
			productName = "Scuba Log";
			productReference = 916A92C92BC3C38A00C5DA50 /* Scuba Log.app */;
			productType = "com.apple.product-type.application";
		};
		916A92DA2BC3C38C00C5DA50 /* Scuba LogTests */ = {
			isa = PBXNativeTarget;
			buildConfigurationList = 916A92F22BC3C38D00C5DA50 /* Build configuration list for PBXNativeTarget "Scuba LogTests" */;
			buildPhases = (
				916A92D72BC3C38C00C5DA50 /* Sources */,
				916A92D82BC3C38C00C5DA50 /* Frameworks */,
				916A92D92BC3C38C00C5DA50 /* Resources */,
			);
			buildRules = (
			);
			dependencies = (
				916A92DD2BC3C38C00C5DA50 /* PBXTargetDependency */,
			);
			name = "Scuba LogTests";
			productName = "Scuba LogTests";
			productReference = 916A92DB2BC3C38C00C5DA50 /* Scuba LogTests.xctest */;
			productType = "com.apple.product-type.bundle.unit-test";
		};
		916A92E42BC3C38D00C5DA50 /* Scuba LogUITests */ = {
			isa = PBXNativeTarget;
			buildConfigurationList = 916A92F52BC3C38D00C5DA50 /* Build configuration list for PBXNativeTarget "Scuba LogUITests" */;
			buildPhases = (
				916A92E12BC3C38D00C5DA50 /* Sources */,
				916A92E22BC3C38D00C5DA50 /* Frameworks */,
				916A92E32BC3C38D00C5DA50 /* Resources */,
			);
			buildRules = (
			);
			dependencies = (
				916A92E72BC3C38D00C5DA50 /* PBXTargetDependency */,
			);
			name = "Scuba LogUITests";
			productName = "Scuba LogUITests";
			productReference = 916A92E52BC3C38D00C5DA50 /* Scuba LogUITests.xctest */;
			productType = "com.apple.product-type.bundle.ui-testing";
		};
/* End PBXNativeTarget section */

/* Begin PBXProject section */
		916A92C12BC3C38A00C5DA50 /* Project object */ = {
			isa = PBXProject;
			attributes = {
				BuildIndependentTargetsInParallel = 1;
				LastSwiftUpdateCheck = 1530;
				LastUpgradeCheck = 1530;
				TargetAttributes = {
					916A92C82BC3C38A00C5DA50 = {
						CreatedOnToolsVersion = 15.3;
					};
					916A92DA2BC3C38C00C5DA50 = {
						CreatedOnToolsVersion = 15.3;
						TestTargetID = 916A92C82BC3C38A00C5DA50;
					};
					916A92E42BC3C38D00C5DA50 = {
						CreatedOnToolsVersion = 15.3;
						TestTargetID = 916A92C82BC3C38A00C5DA50;
					};
				};
			};
			buildConfigurationList = 916A92C42BC3C38A00C5DA50 /* Build configuration list for PBXProject "Scuba Log" */;
			compatibilityVersion = "Xcode 14.0";
			developmentRegion = en;
			hasScannedForEncodings = 0;
			knownRegions = (
				en,
				Base,
			);
			mainGroup = 916A92C02BC3C38A00C5DA50;
			productRefGroup = 916A92CA2BC3C38A00C5DA50 /* Products */;
			projectDirPath = "";
			projectRoot = "";
			targets = (
				916A92C82BC3C38A00C5DA50 /* Scuba Log */,
				916A92DA2BC3C38C00C5DA50 /* Scuba LogTests */,
				916A92E42BC3C38D00C5DA50 /* Scuba LogUITests */,
			);
		};
/* End PBXProject section */

/* Begin PBXResourcesBuildPhase section */
		916A92C72BC3C38A00C5DA50 /* Resources */ = {
			isa = PBXResourcesBuildPhase;
			buildActionMask = 2147483647;
			files = (
				916A92D62BC3C38C00C5DA50 /* Preview Assets.xcassets in Resources */,
				916A92D32BC3C38C00C5DA50 /* Assets.xcassets in Resources */,
			);
			runOnlyForDeploymentPostprocessing = 0;
		};
		916A92D92BC3C38C00C5DA50 /* Resources */ = {
			isa = PBXResourcesBuildPhase;
			buildActionMask = 2147483647;
			files = (
			);
			runOnlyForDeploymentPostprocessing = 0;
		};
		916A92E32BC3C38D00C5DA50 /* Resources */ = {
			isa = PBXResourcesBuildPhase;
			buildActionMask = 2147483647;
			files = (
			);
			runOnlyForDeploymentPostprocessing = 0;
		};
/* End PBXResourcesBuildPhase section */

/* Begin PBXSourcesBuildPhase section */
		916A92C52BC3C38A00C5DA50 /* Sources */ = {
			isa = PBXSourcesBuildPhase;
			buildActionMask = 2147483647;
			files = (
				916A92F92BC3C46700C5DA50 /* NewEntryView.swift in Sources */,
				916A92CF2BC3C38A00C5DA50 /* ContentView.swift in Sources */,
				916A92D12BC3C38A00C5DA50 /* Entry.swift in Sources */,
				91CE64972BC4C545004E3733 /* TimeInterval+Constants.swift in Sources */,
				916A92CD2BC3C38A00C5DA50 /* Scuba_LogApp.swift in Sources */,
			);
			runOnlyForDeploymentPostprocessing = 0;
		};
		916A92D72BC3C38C00C5DA50 /* Sources */ = {
			isa = PBXSourcesBuildPhase;
			buildActionMask = 2147483647;
			files = (
				916A92E02BC3C38C00C5DA50 /* Scuba_LogTests.swift in Sources */,
			);
			runOnlyForDeploymentPostprocessing = 0;
		};
		916A92E12BC3C38D00C5DA50 /* Sources */ = {
			isa = PBXSourcesBuildPhase;
			buildActionMask = 2147483647;
			files = (
				916A92EC2BC3C38D00C5DA50 /* Scuba_LogUITestsLaunchTests.swift in Sources */,
				916A92EA2BC3C38D00C5DA50 /* Scuba_LogUITests.swift in Sources */,
			);
			runOnlyForDeploymentPostprocessing = 0;
		};
/* End PBXSourcesBuildPhase section */

/* Begin PBXTargetDependency section */
		916A92DD2BC3C38C00C5DA50 /* PBXTargetDependency */ = {
			isa = PBXTargetDependency;
			target = 916A92C82BC3C38A00C5DA50 /* Scuba Log */;
			targetProxy = 916A92DC2BC3C38C00C5DA50 /* PBXContainerItemProxy */;
		};
		916A92E72BC3C38D00C5DA50 /* PBXTargetDependency */ = {
			isa = PBXTargetDependency;
			target = 916A92C82BC3C38A00C5DA50 /* Scuba Log */;
			targetProxy = 916A92E62BC3C38D00C5DA50 /* PBXContainerItemProxy */;
		};
/* End PBXTargetDependency section */

/* Begin XCBuildConfiguration section */
		916A92ED2BC3C38D00C5DA50 /* Debug */ = {
			isa = XCBuildConfiguration;
			buildSettings = {
				ALWAYS_SEARCH_USER_PATHS = NO;
				ASSETCATALOG_COMPILER_GENERATE_SWIFT_ASSET_SYMBOL_EXTENSIONS = YES;
				CLANG_ANALYZER_NONNULL = YES;
				CLANG_ANALYZER_NUMBER_OBJECT_CONVERSION = YES_AGGRESSIVE;
				CLANG_CXX_LANGUAGE_STANDARD = "gnu++20";
				CLANG_ENABLE_MODULES = YES;
				CLANG_ENABLE_OBJC_ARC = YES;
				CLANG_ENABLE_OBJC_WEAK = YES;
				CLANG_WARN_BLOCK_CAPTURE_AUTORELEASING = YES;
				CLANG_WARN_BOOL_CONVERSION = YES;
				CLANG_WARN_COMMA = YES;
				CLANG_WARN_CONSTANT_CONVERSION = YES;
				CLANG_WARN_DEPRECATED_OBJC_IMPLEMENTATIONS = YES;
				CLANG_WARN_DIRECT_OBJC_ISA_USAGE = YES_ERROR;
				CLANG_WARN_DOCUMENTATION_COMMENTS = YES;
				CLANG_WARN_EMPTY_BODY = YES;
				CLANG_WARN_ENUM_CONVERSION = YES;
				CLANG_WARN_INFINITE_RECURSION = YES;
				CLANG_WARN_INT_CONVERSION = YES;
				CLANG_WARN_NON_LITERAL_NULL_CONVERSION = YES;
				CLANG_WARN_OBJC_IMPLICIT_RETAIN_SELF = YES;
				CLANG_WARN_OBJC_LITERAL_CONVERSION = YES;
				CLANG_WARN_OBJC_ROOT_CLASS = YES_ERROR;
				CLANG_WARN_QUOTED_INCLUDE_IN_FRAMEWORK_HEADER = YES;
				CLANG_WARN_RANGE_LOOP_ANALYSIS = YES;
				CLANG_WARN_STRICT_PROTOTYPES = YES;
				CLANG_WARN_SUSPICIOUS_MOVE = YES;
				CLANG_WARN_UNGUARDED_AVAILABILITY = YES_AGGRESSIVE;
				CLANG_WARN_UNREACHABLE_CODE = YES;
				CLANG_WARN__DUPLICATE_METHOD_MATCH = YES;
				COPY_PHASE_STRIP = NO;
				DEBUG_INFORMATION_FORMAT = dwarf;
				ENABLE_STRICT_OBJC_MSGSEND = YES;
				ENABLE_TESTABILITY = YES;
				ENABLE_USER_SCRIPT_SANDBOXING = YES;
				GCC_C_LANGUAGE_STANDARD = gnu17;
				GCC_DYNAMIC_NO_PIC = NO;
				GCC_NO_COMMON_BLOCKS = YES;
				GCC_OPTIMIZATION_LEVEL = 0;
				GCC_PREPROCESSOR_DEFINITIONS = (
					"DEBUG=1",
					"$(inherited)",
				);
				GCC_WARN_64_TO_32_BIT_CONVERSION = YES;
				GCC_WARN_ABOUT_RETURN_TYPE = YES_ERROR;
				GCC_WARN_UNDECLARED_SELECTOR = YES;
				GCC_WARN_UNINITIALIZED_AUTOS = YES_AGGRESSIVE;
				GCC_WARN_UNUSED_FUNCTION = YES;
				GCC_WARN_UNUSED_VARIABLE = YES;
				IPHONEOS_DEPLOYMENT_TARGET = 17.4;
				LOCALIZATION_PREFERS_STRING_CATALOGS = YES;
				MTL_ENABLE_DEBUG_INFO = INCLUDE_SOURCE;
				MTL_FAST_MATH = YES;
				ONLY_ACTIVE_ARCH = YES;
				SDKROOT = iphoneos;
				SWIFT_ACTIVE_COMPILATION_CONDITIONS = "DEBUG $(inherited)";
				SWIFT_OPTIMIZATION_LEVEL = "-Onone";
			};
			name = Debug;
		};
		916A92EE2BC3C38D00C5DA50 /* Release */ = {
			isa = XCBuildConfiguration;
			buildSettings = {
				ALWAYS_SEARCH_USER_PATHS = NO;
				ASSETCATALOG_COMPILER_GENERATE_SWIFT_ASSET_SYMBOL_EXTENSIONS = YES;
				CLANG_ANALYZER_NONNULL = YES;
				CLANG_ANALYZER_NUMBER_OBJECT_CONVERSION = YES_AGGRESSIVE;
				CLANG_CXX_LANGUAGE_STANDARD = "gnu++20";
				CLANG_ENABLE_MODULES = YES;
				CLANG_ENABLE_OBJC_ARC = YES;
				CLANG_ENABLE_OBJC_WEAK = YES;
				CLANG_WARN_BLOCK_CAPTURE_AUTORELEASING = YES;
				CLANG_WARN_BOOL_CONVERSION = YES;
				CLANG_WARN_COMMA = YES;
				CLANG_WARN_CONSTANT_CONVERSION = YES;
				CLANG_WARN_DEPRECATED_OBJC_IMPLEMENTATIONS = YES;
				CLANG_WARN_DIRECT_OBJC_ISA_USAGE = YES_ERROR;
				CLANG_WARN_DOCUMENTATION_COMMENTS = YES;
				CLANG_WARN_EMPTY_BODY = YES;
				CLANG_WARN_ENUM_CONVERSION = YES;
				CLANG_WARN_INFINITE_RECURSION = YES;
				CLANG_WARN_INT_CONVERSION = YES;
				CLANG_WARN_NON_LITERAL_NULL_CONVERSION = YES;
				CLANG_WARN_OBJC_IMPLICIT_RETAIN_SELF = YES;
				CLANG_WARN_OBJC_LITERAL_CONVERSION = YES;
				CLANG_WARN_OBJC_ROOT_CLASS = YES_ERROR;
				CLANG_WARN_QUOTED_INCLUDE_IN_FRAMEWORK_HEADER = YES;
				CLANG_WARN_RANGE_LOOP_ANALYSIS = YES;
				CLANG_WARN_STRICT_PROTOTYPES = YES;
				CLANG_WARN_SUSPICIOUS_MOVE = YES;
				CLANG_WARN_UNGUARDED_AVAILABILITY = YES_AGGRESSIVE;
				CLANG_WARN_UNREACHABLE_CODE = YES;
				CLANG_WARN__DUPLICATE_METHOD_MATCH = YES;
				COPY_PHASE_STRIP = NO;
				DEBUG_INFORMATION_FORMAT = "dwarf-with-dsym";
				ENABLE_NS_ASSERTIONS = NO;
				ENABLE_STRICT_OBJC_MSGSEND = YES;
				ENABLE_USER_SCRIPT_SANDBOXING = YES;
				GCC_C_LANGUAGE_STANDARD = gnu17;
				GCC_NO_COMMON_BLOCKS = YES;
				GCC_WARN_64_TO_32_BIT_CONVERSION = YES;
				GCC_WARN_ABOUT_RETURN_TYPE = YES_ERROR;
				GCC_WARN_UNDECLARED_SELECTOR = YES;
				GCC_WARN_UNINITIALIZED_AUTOS = YES_AGGRESSIVE;
				GCC_WARN_UNUSED_FUNCTION = YES;
				GCC_WARN_UNUSED_VARIABLE = YES;
				IPHONEOS_DEPLOYMENT_TARGET = 17.4;
				LOCALIZATION_PREFERS_STRING_CATALOGS = YES;
				MTL_ENABLE_DEBUG_INFO = NO;
				MTL_FAST_MATH = YES;
				SDKROOT = iphoneos;
				SWIFT_COMPILATION_MODE = wholemodule;
				VALIDATE_PRODUCT = YES;
			};
			name = Release;
		};
		916A92F02BC3C38D00C5DA50 /* Debug */ = {
			isa = XCBuildConfiguration;
			buildSettings = {
				ASSETCATALOG_COMPILER_APPICON_NAME = AppIcon;
				ASSETCATALOG_COMPILER_GLOBAL_ACCENT_COLOR_NAME = AccentColor;
				CODE_SIGN_STYLE = Automatic;
				CURRENT_PROJECT_VERSION = 1;
				DEVELOPMENT_ASSET_PATHS = "\"Scuba Log/Preview Content\"";
				ENABLE_PREVIEWS = YES;
				GENERATE_INFOPLIST_FILE = YES;
				INFOPLIST_KEY_UIApplicationSceneManifest_Generation = YES;
				INFOPLIST_KEY_UIApplicationSupportsIndirectInputEvents = YES;
				INFOPLIST_KEY_UILaunchScreen_Generation = YES;
				INFOPLIST_KEY_UISupportedInterfaceOrientations_iPad = "UIInterfaceOrientationPortrait UIInterfaceOrientationPortraitUpsideDown UIInterfaceOrientationLandscapeLeft UIInterfaceOrientationLandscapeRight";
				INFOPLIST_KEY_UISupportedInterfaceOrientations_iPhone = "UIInterfaceOrientationPortrait UIInterfaceOrientationLandscapeLeft UIInterfaceOrientationLandscapeRight";
				LD_RUNPATH_SEARCH_PATHS = (
					"$(inherited)",
					"@executable_path/Frameworks",
				);
				MARKETING_VERSION = 1.0;
				PRODUCT_BUNDLE_IDENTIFIER = "com.peace.Scuba-Log";
				PRODUCT_NAME = "$(TARGET_NAME)";
				SWIFT_EMIT_LOC_STRINGS = YES;
				SWIFT_VERSION = 5.0;
				TARGETED_DEVICE_FAMILY = "1,2";
			};
			name = Debug;
		};
		916A92F12BC3C38D00C5DA50 /* Release */ = {
			isa = XCBuildConfiguration;
			buildSettings = {
				ASSETCATALOG_COMPILER_APPICON_NAME = AppIcon;
				ASSETCATALOG_COMPILER_GLOBAL_ACCENT_COLOR_NAME = AccentColor;
				CODE_SIGN_STYLE = Automatic;
				CURRENT_PROJECT_VERSION = 1;
				DEVELOPMENT_ASSET_PATHS = "\"Scuba Log/Preview Content\"";
				ENABLE_PREVIEWS = YES;
				GENERATE_INFOPLIST_FILE = YES;
				INFOPLIST_KEY_UIApplicationSceneManifest_Generation = YES;
				INFOPLIST_KEY_UIApplicationSupportsIndirectInputEvents = YES;
				INFOPLIST_KEY_UILaunchScreen_Generation = YES;
				INFOPLIST_KEY_UISupportedInterfaceOrientations_iPad = "UIInterfaceOrientationPortrait UIInterfaceOrientationPortraitUpsideDown UIInterfaceOrientationLandscapeLeft UIInterfaceOrientationLandscapeRight";
				INFOPLIST_KEY_UISupportedInterfaceOrientations_iPhone = "UIInterfaceOrientationPortrait UIInterfaceOrientationLandscapeLeft UIInterfaceOrientationLandscapeRight";
				LD_RUNPATH_SEARCH_PATHS = (
					"$(inherited)",
					"@executable_path/Frameworks",
				);
				MARKETING_VERSION = 1.0;
				PRODUCT_BUNDLE_IDENTIFIER = "com.peace.Scuba-Log";
				PRODUCT_NAME = "$(TARGET_NAME)";
				SWIFT_EMIT_LOC_STRINGS = YES;
				SWIFT_VERSION = 5.0;
				TARGETED_DEVICE_FAMILY = "1,2";
			};
			name = Release;
		};
		916A92F32BC3C38D00C5DA50 /* Debug */ = {
			isa = XCBuildConfiguration;
			buildSettings = {
				ALWAYS_EMBED_SWIFT_STANDARD_LIBRARIES = YES;
				BUNDLE_LOADER = "$(TEST_HOST)";
				CODE_SIGN_STYLE = Automatic;
				CURRENT_PROJECT_VERSION = 1;
				GENERATE_INFOPLIST_FILE = YES;
				IPHONEOS_DEPLOYMENT_TARGET = 17.4;
				MARKETING_VERSION = 1.0;
				PRODUCT_BUNDLE_IDENTIFIER = "com.peace.Scuba-LogTests";
				PRODUCT_NAME = "$(TARGET_NAME)";
				SWIFT_EMIT_LOC_STRINGS = NO;
				SWIFT_VERSION = 5.0;
				TARGETED_DEVICE_FAMILY = "1,2";
				TEST_HOST = "$(BUILT_PRODUCTS_DIR)/Scuba Log.app/$(BUNDLE_EXECUTABLE_FOLDER_PATH)/Scuba Log";
			};
			name = Debug;
		};
		916A92F42BC3C38D00C5DA50 /* Release */ = {
			isa = XCBuildConfiguration;
			buildSettings = {
				ALWAYS_EMBED_SWIFT_STANDARD_LIBRARIES = YES;
				BUNDLE_LOADER = "$(TEST_HOST)";
				CODE_SIGN_STYLE = Automatic;
				CURRENT_PROJECT_VERSION = 1;
				GENERATE_INFOPLIST_FILE = YES;
				IPHONEOS_DEPLOYMENT_TARGET = 17.4;
				MARKETING_VERSION = 1.0;
				PRODUCT_BUNDLE_IDENTIFIER = "com.peace.Scuba-LogTests";
				PRODUCT_NAME = "$(TARGET_NAME)";
				SWIFT_EMIT_LOC_STRINGS = NO;
				SWIFT_VERSION = 5.0;
				TARGETED_DEVICE_FAMILY = "1,2";
				TEST_HOST = "$(BUILT_PRODUCTS_DIR)/Scuba Log.app/$(BUNDLE_EXECUTABLE_FOLDER_PATH)/Scuba Log";
			};
			name = Release;
		};
		916A92F62BC3C38D00C5DA50 /* Debug */ = {
			isa = XCBuildConfiguration;
			buildSettings = {
				ALWAYS_EMBED_SWIFT_STANDARD_LIBRARIES = YES;
				CODE_SIGN_STYLE = Automatic;
				CURRENT_PROJECT_VERSION = 1;
				GENERATE_INFOPLIST_FILE = YES;
				MARKETING_VERSION = 1.0;
				PRODUCT_BUNDLE_IDENTIFIER = "com.peace.Scuba-LogUITests";
				PRODUCT_NAME = "$(TARGET_NAME)";
				SWIFT_EMIT_LOC_STRINGS = NO;
				SWIFT_VERSION = 5.0;
				TARGETED_DEVICE_FAMILY = "1,2";
				TEST_TARGET_NAME = "Scuba Log";
			};
			name = Debug;
		};
		916A92F72BC3C38D00C5DA50 /* Release */ = {
			isa = XCBuildConfiguration;
			buildSettings = {
				ALWAYS_EMBED_SWIFT_STANDARD_LIBRARIES = YES;
				CODE_SIGN_STYLE = Automatic;
				CURRENT_PROJECT_VERSION = 1;
				GENERATE_INFOPLIST_FILE = YES;
				MARKETING_VERSION = 1.0;
				PRODUCT_BUNDLE_IDENTIFIER = "com.peace.Scuba-LogUITests";
				PRODUCT_NAME = "$(TARGET_NAME)";
				SWIFT_EMIT_LOC_STRINGS = NO;
				SWIFT_VERSION = 5.0;
				TARGETED_DEVICE_FAMILY = "1,2";
				TEST_TARGET_NAME = "Scuba Log";
			};
			name = Release;
		};
/* End XCBuildConfiguration section */

/* Begin XCConfigurationList section */
		916A92C42BC3C38A00C5DA50 /* Build configuration list for PBXProject "Scuba Log" */ = {
			isa = XCConfigurationList;
			buildConfigurations = (
				916A92ED2BC3C38D00C5DA50 /* Debug */,
				916A92EE2BC3C38D00C5DA50 /* Release */,
			);
			defaultConfigurationIsVisible = 0;
			defaultConfigurationName = Release;
		};
		916A92EF2BC3C38D00C5DA50 /* Build configuration list for PBXNativeTarget "Scuba Log" */ = {
			isa = XCConfigurationList;
			buildConfigurations = (
				916A92F02BC3C38D00C5DA50 /* Debug */,
				916A92F12BC3C38D00C5DA50 /* Release */,
			);
			defaultConfigurationIsVisible = 0;
			defaultConfigurationName = Release;
		};
		916A92F22BC3C38D00C5DA50 /* Build configuration list for PBXNativeTarget "Scuba LogTests" */ = {
			isa = XCConfigurationList;
			buildConfigurations = (
				916A92F32BC3C38D00C5DA50 /* Debug */,
				916A92F42BC3C38D00C5DA50 /* Release */,
			);
			defaultConfigurationIsVisible = 0;
			defaultConfigurationName = Release;
		};
		916A92F52BC3C38D00C5DA50 /* Build configuration list for PBXNativeTarget "Scuba LogUITests" */ = {
			isa = XCConfigurationList;
			buildConfigurations = (
				916A92F62BC3C38D00C5DA50 /* Debug */,
				916A92F72BC3C38D00C5DA50 /* Release */,
			);
			defaultConfigurationIsVisible = 0;
			defaultConfigurationName = Release;
		};
/* End XCConfigurationList section */
	};
	rootObject = 916A92C12BC3C38A00C5DA50 /* Project object */;
}
